
Microsoft Visual Studio Solution File, Format Version 12.00
# Visual Studio Version 16
VisualStudioVersion = 16.0.31112.23
MinimumVisualStudioVersion = 10.0.40219.1
Project("{FAE04EC0-301F-11D3-BF4B-00C04F79EFBC}") = "MusicPlayer.UI", "MusicPlayer.UI\MusicPlayer.UI.csproj", "{605ABA57-C235-47AC-9DC5-24D9A1B17E9C}"
EndProject
Project("{FAE04EC0-301F-11D3-BF4B-00C04F79EFBC}") = "MusicPlayer.DAL", "MusicPlayer.DAL\MusicPlayer.DAL.csproj", "{DC7E9E69-D0B0-4EE8-8B4D-9C98FE5EE6F9}"
EndProject
Project("{FAE04EC0-301F-11D3-BF4B-00C04F79EFBC}") = "MusicPlayer.BLL", "MusicPlayer.BLL\MusicPlayer.BLL.csproj", "{CFE1A3EE-2644-405C-B4BF-903425B7C0C7}"
EndProject
Global
	GlobalSection(SolutionConfigurationPlatforms) = preSolution
		Debug|Any CPU = Debug|Any CPU
		Release|Any CPU = Release|Any CPU
	EndGlobalSection
	GlobalSection(ProjectConfigurationPlatforms) = postSolution
		{605ABA57-C235-47AC-9DC5-24D9A1B17E9C}.Debug|Any CPU.ActiveCfg = Debug|Any CPU
		{605ABA57-C235-47AC-9DC5-24D9A1B17E9C}.Debug|Any CPU.Build.0 = Debug|Any CPU
		{605ABA57-C235-47AC-9DC5-24D9A1B17E9C}.Release|Any CPU.ActiveCfg = Release|Any CPU
		{605ABA57-C235-47AC-9DC5-24D9A1B17E9C}.Release|Any CPU.Build.0 = Release|Any CPU
		{DC7E9E69-D0B0-4EE8-8B4D-9C98FE5EE6F9}.Debug|Any CPU.ActiveCfg = Debug|Any CPU
		{DC7E9E69-D0B0-4EE8-8B4D-9C98FE5EE6F9}.Debug|Any CPU.Build.0 = Debug|Any CPU
		{DC7E9E69-D0B0-4EE8-8B4D-9C98FE5EE6F9}.Release|Any CPU.ActiveCfg = Release|Any CPU
		{DC7E9E69-D0B0-4EE8-8B4D-9C98FE5EE6F9}.Release|Any CPU.Build.0 = Release|Any CPU
		{CFE1A3EE-2644-405C-B4BF-903425B7C0C7}.Debug|Any CPU.ActiveCfg = Debug|Any CPU
		{CFE1A3EE-2644-405C-B4BF-903425B7C0C7}.Debug|Any CPU.Build.0 = Debug|Any CPU
		{CFE1A3EE-2644-405C-B4BF-903425B7C0C7}.Release|Any CPU.ActiveCfg = Release|Any CPU
		{CFE1A3EE-2644-405C-B4BF-903425B7C0C7}.Release|Any CPU.Build.0 = Release|Any CPU
	EndGlobalSection
	GlobalSection(SolutionProperties) = preSolution
		HideSolutionNode = FALSE
	EndGlobalSection
	GlobalSection(ExtensibilityGlobals) = postSolution
		SolutionGuid = {D6351734-56EE-44AF-9050-AA46C9ED273F}
	EndGlobalSection
EndGlobal
